
Microsoft Visual Studio Solution File, Format Version 12.00
# Visual Studio Version 17
VisualStudioVersion = 17.14.36414.22 d17.14
MinimumVisualStudioVersion = 10.0.40219.1
Project("{FAE04EC0-301F-11D3-BF4B-00C04F79EFBC}") = "b-skrap", "b-skrap\b-skrap.csproj", "{A86DA3BF-D594-4BCF-84B6-8ADBAD228AC7}"
EndProject
Global
	GlobalSection(SolutionConfigurationPlatforms) = preSolution
		Debug|Any CPU = Debug|Any CPU
		Release|Any CPU = Release|Any CPU
	EndGlobalSection
	GlobalSection(ProjectConfigurationPlatforms) = postSolution
		{A86DA3BF-D594-4BCF-84B6-8ADBAD228AC7}.Debug|Any CPU.ActiveCfg = Debug|Any CPU
		{A86DA3BF-D594-4BCF-84B6-8ADBAD228AC7}.Debug|Any CPU.Build.0 = Debug|Any CPU
		{A86DA3BF-D594-4BCF-84B6-8ADBAD228AC7}.Release|Any CPU.ActiveCfg = Release|Any CPU
		{A86DA3BF-D594-4BCF-84B6-8ADBAD228AC7}.Release|Any CPU.Build.0 = Release|Any CPU
	EndGlobalSection
	GlobalSection(SolutionProperties) = preSolution
		HideSolutionNode = FALSE
	EndGlobalSection
	GlobalSection(ExtensibilityGlobals) = postSolution
		SolutionGuid = {150612F8-C2AF-42F1-89E0-EEC020DC7FE7}
	EndGlobalSection
EndGlobal
